
Microsoft Visual Studio Solution File, Format Version 12.00
# Visual Studio 15
VisualStudioVersion = 15.0.27004.2005
MinimumVisualStudioVersion = 10.0.40219.1
Project("{FAE04EC0-301F-11D3-BF4B-00C04F79EFBC}") = "LegacySthsStats", "LegacySthsStats\LegacySthsStats.csproj", "{20CDEEE2-2514-4B26-90E2-19DECC705CDF}"
EndProject
Project("{FAE04EC0-301F-11D3-BF4B-00C04F79EFBC}") = "ModernSthsStats", "ModernSthsStats\ModernSthsStats.csproj", "{1117E254-036C-4EB0-A2E9-5B83F1B7FEE1}"
EndProject
Project("{FAE04EC0-301F-11D3-BF4B-00C04F79EFBC}") = "LegacySthsConsole", "TestConsole\LegacySthsConsole.csproj", "{F6F252E5-B235-4D0B-A001-931E9F930CA2}"
EndProject
Project("{2150E333-8FDC-42A3-9474-1A3956D46DE8}") = "BusinessLogic", "BusinessLogic", "{F285A89B-1BD8-4E89-9E68-7A365C5F0207}"
EndProject
Project("{2150E333-8FDC-42A3-9474-1A3956D46DE8}") = "DataPopulators", "DataPopulators", "{0E4D34B4-14F8-4ADE-A477-1ADA472F7028}"
EndProject
Project("{FAE04EC0-301F-11D3-BF4B-00C04F79EFBC}") = "ModernSthsConsole", "ModernSthsConsole\ModernSthsConsole.csproj", "{C3F9DCEF-5A62-4B0C-8EFA-598AA3D4E922}"
EndProject
Project("{FAE04EC0-301F-11D3-BF4B-00C04F79EFBC}") = "SthsData", "SthsData\SthsData.csproj", "{433E9C4F-941F-4A61-8115-CBE1A95DBE89}"
EndProject
Project("{FAE04EC0-301F-11D3-BF4B-00C04F79EFBC}") = "SthsDataTest", "LegacySthsTest\SthsDataTest.csproj", "{A7D22705-3ACA-47D1-AEA1-F108B30648C4}"
EndProject
Project("{2150E333-8FDC-42A3-9474-1A3956D46DE8}") = "Test", "Test", "{0D90C2E1-4154-4AA1-9019-11139537A317}"
EndProject
Project("{2150E333-8FDC-42A3-9474-1A3956D46DE8}") = "Data", "Data", "{8AE39131-C50D-4873-A87E-BF629612866D}"
EndProject
Project("{FAE04EC0-301F-11D3-BF4B-00C04F79EFBC}") = "DataEF", "DataEF\DataEF.csproj", "{D3A641B2-BC93-4AC6-A495-362F0B2B1FAF}"
EndProject
Project("{00D1A9C2-B5F0-4AF3-8072-F6C62B433612}") = "BeaujeauxDB", "BeaujeauxDB\BeaujeauxDB.sqlproj", "{8725B859-181D-4465-8AC4-4ACB96A0D405}"
EndProject
Project("{FAE04EC0-301F-11D3-BF4B-00C04F79EFBC}") = "SthsStatsToDB", "SthsStatsToDB\SthsStatsToDB.csproj", "{68DC4C02-F31C-40C3-9D2B-620CCAE38868}"
EndProject
Project("{2150E333-8FDC-42A3-9474-1A3956D46DE8}") = "Client", "Client", "{7D1953C1-F4BF-4173-9466-3E601F0C246C}"
EndProject
Project("{FAE04EC0-301F-11D3-BF4B-00C04F79EFBC}") = "Website", "Website\Website.csproj", "{1312C1D2-C5E3-4933-8667-B8444CF15EF7}"
EndProject
Global
	GlobalSection(SolutionConfigurationPlatforms) = preSolution
		Debug|Any CPU = Debug|Any CPU
		Release|Any CPU = Release|Any CPU
	EndGlobalSection
	GlobalSection(ProjectConfigurationPlatforms) = postSolution
		{20CDEEE2-2514-4B26-90E2-19DECC705CDF}.Debug|Any CPU.ActiveCfg = Debug|Any CPU
		{20CDEEE2-2514-4B26-90E2-19DECC705CDF}.Debug|Any CPU.Build.0 = Debug|Any CPU
		{20CDEEE2-2514-4B26-90E2-19DECC705CDF}.Release|Any CPU.ActiveCfg = Release|Any CPU
		{20CDEEE2-2514-4B26-90E2-19DECC705CDF}.Release|Any CPU.Build.0 = Release|Any CPU
		{1117E254-036C-4EB0-A2E9-5B83F1B7FEE1}.Debug|Any CPU.ActiveCfg = Debug|Any CPU
		{1117E254-036C-4EB0-A2E9-5B83F1B7FEE1}.Debug|Any CPU.Build.0 = Debug|Any CPU
		{1117E254-036C-4EB0-A2E9-5B83F1B7FEE1}.Release|Any CPU.ActiveCfg = Release|Any CPU
		{1117E254-036C-4EB0-A2E9-5B83F1B7FEE1}.Release|Any CPU.Build.0 = Release|Any CPU
		{F6F252E5-B235-4D0B-A001-931E9F930CA2}.Debug|Any CPU.ActiveCfg = Debug|Any CPU
		{F6F252E5-B235-4D0B-A001-931E9F930CA2}.Debug|Any CPU.Build.0 = Debug|Any CPU
		{F6F252E5-B235-4D0B-A001-931E9F930CA2}.Release|Any CPU.ActiveCfg = Release|Any CPU
		{F6F252E5-B235-4D0B-A001-931E9F930CA2}.Release|Any CPU.Build.0 = Release|Any CPU
		{C3F9DCEF-5A62-4B0C-8EFA-598AA3D4E922}.Debug|Any CPU.ActiveCfg = Debug|Any CPU
		{C3F9DCEF-5A62-4B0C-8EFA-598AA3D4E922}.Debug|Any CPU.Build.0 = Debug|Any CPU
		{C3F9DCEF-5A62-4B0C-8EFA-598AA3D4E922}.Release|Any CPU.ActiveCfg = Release|Any CPU
		{C3F9DCEF-5A62-4B0C-8EFA-598AA3D4E922}.Release|Any CPU.Build.0 = Release|Any CPU
		{433E9C4F-941F-4A61-8115-CBE1A95DBE89}.Debug|Any CPU.ActiveCfg = Debug|Any CPU
		{433E9C4F-941F-4A61-8115-CBE1A95DBE89}.Debug|Any CPU.Build.0 = Debug|Any CPU
		{433E9C4F-941F-4A61-8115-CBE1A95DBE89}.Release|Any CPU.ActiveCfg = Release|Any CPU
		{433E9C4F-941F-4A61-8115-CBE1A95DBE89}.Release|Any CPU.Build.0 = Release|Any CPU
		{A7D22705-3ACA-47D1-AEA1-F108B30648C4}.Debug|Any CPU.ActiveCfg = Debug|Any CPU
		{A7D22705-3ACA-47D1-AEA1-F108B30648C4}.Debug|Any CPU.Build.0 = Debug|Any CPU
		{A7D22705-3ACA-47D1-AEA1-F108B30648C4}.Release|Any CPU.ActiveCfg = Release|Any CPU
		{A7D22705-3ACA-47D1-AEA1-F108B30648C4}.Release|Any CPU.Build.0 = Release|Any CPU
		{D3A641B2-BC93-4AC6-A495-362F0B2B1FAF}.Debug|Any CPU.ActiveCfg = Debug|Any CPU
		{D3A641B2-BC93-4AC6-A495-362F0B2B1FAF}.Debug|Any CPU.Build.0 = Debug|Any CPU
		{D3A641B2-BC93-4AC6-A495-362F0B2B1FAF}.Release|Any CPU.ActiveCfg = Release|Any CPU
		{D3A641B2-BC93-4AC6-A495-362F0B2B1FAF}.Release|Any CPU.Build.0 = Release|Any CPU
		{8725B859-181D-4465-8AC4-4ACB96A0D405}.Debug|Any CPU.ActiveCfg = Debug|Any CPU
		{8725B859-181D-4465-8AC4-4ACB96A0D405}.Debug|Any CPU.Build.0 = Debug|Any CPU
		{8725B859-181D-4465-8AC4-4ACB96A0D405}.Debug|Any CPU.Deploy.0 = Debug|Any CPU
		{8725B859-181D-4465-8AC4-4ACB96A0D405}.Release|Any CPU.ActiveCfg = Release|Any CPU
		{8725B859-181D-4465-8AC4-4ACB96A0D405}.Release|Any CPU.Build.0 = Release|Any CPU
		{8725B859-181D-4465-8AC4-4ACB96A0D405}.Release|Any CPU.Deploy.0 = Release|Any CPU
		{68DC4C02-F31C-40C3-9D2B-620CCAE38868}.Debug|Any CPU.ActiveCfg = Debug|Any CPU
		{68DC4C02-F31C-40C3-9D2B-620CCAE38868}.Debug|Any CPU.Build.0 = Debug|Any CPU
		{68DC4C02-F31C-40C3-9D2B-620CCAE38868}.Release|Any CPU.ActiveCfg = Release|Any CPU
		{68DC4C02-F31C-40C3-9D2B-620CCAE38868}.Release|Any CPU.Build.0 = Release|Any CPU
		{1312C1D2-C5E3-4933-8667-B8444CF15EF7}.Debug|Any CPU.ActiveCfg = Debug|Any CPU
		{1312C1D2-C5E3-4933-8667-B8444CF15EF7}.Debug|Any CPU.Build.0 = Debug|Any CPU
		{1312C1D2-C5E3-4933-8667-B8444CF15EF7}.Release|Any CPU.ActiveCfg = Release|Any CPU
		{1312C1D2-C5E3-4933-8667-B8444CF15EF7}.Release|Any CPU.Build.0 = Release|Any CPU
	EndGlobalSection
	GlobalSection(SolutionProperties) = preSolution
		HideSolutionNode = FALSE
	EndGlobalSection
	GlobalSection(NestedProjects) = preSolution
		{20CDEEE2-2514-4B26-90E2-19DECC705CDF} = {F285A89B-1BD8-4E89-9E68-7A365C5F0207}
		{1117E254-036C-4EB0-A2E9-5B83F1B7FEE1} = {F285A89B-1BD8-4E89-9E68-7A365C5F0207}
		{F6F252E5-B235-4D0B-A001-931E9F930CA2} = {0E4D34B4-14F8-4ADE-A477-1ADA472F7028}
		{C3F9DCEF-5A62-4B0C-8EFA-598AA3D4E922} = {0E4D34B4-14F8-4ADE-A477-1ADA472F7028}
		{433E9C4F-941F-4A61-8115-CBE1A95DBE89} = {F285A89B-1BD8-4E89-9E68-7A365C5F0207}
		{A7D22705-3ACA-47D1-AEA1-F108B30648C4} = {0D90C2E1-4154-4AA1-9019-11139537A317}
		{D3A641B2-BC93-4AC6-A495-362F0B2B1FAF} = {8AE39131-C50D-4873-A87E-BF629612866D}
		{8725B859-181D-4465-8AC4-4ACB96A0D405} = {8AE39131-C50D-4873-A87E-BF629612866D}
		{68DC4C02-F31C-40C3-9D2B-620CCAE38868} = {F285A89B-1BD8-4E89-9E68-7A365C5F0207}
		{1312C1D2-C5E3-4933-8667-B8444CF15EF7} = {7D1953C1-F4BF-4173-9466-3E601F0C246C}
	EndGlobalSection
	GlobalSection(ExtensibilityGlobals) = postSolution
		SolutionGuid = {73A57D3D-0C21-48E9-9DB8-5A5AB6BB966B}
	EndGlobalSection
EndGlobal
